
Microsoft Visual Studio Solution File, Format Version 12.00
# Visual Studio Version 17
VisualStudioVersion = 17.8.34408.163
MinimumVisualStudioVersion = 10.0.40219.1
Project("{FAE04EC0-301F-11D3-BF4B-00C04F79EFBC}") = "Alexandra_Camarena_HW6_Task4", "Alexandra_Camarena_HW6_Task4\Alexandra_Camarena_HW6_Task4.csproj", "{F885349F-6FB6-40C7-B1BE-FE7B523B40F1}"
EndProject
Global
	GlobalSection(SolutionConfigurationPlatforms) = preSolution
		Debug|Any CPU = Debug|Any CPU
		Release|Any CPU = Release|Any CPU
	EndGlobalSection
	GlobalSection(ProjectConfigurationPlatforms) = postSolution
		{F885349F-6FB6-40C7-B1BE-FE7B523B40F1}.Debug|Any CPU.ActiveCfg = Debug|Any CPU
		{F885349F-6FB6-40C7-B1BE-FE7B523B40F1}.Debug|Any CPU.Build.0 = Debug|Any CPU
		{F885349F-6FB6-40C7-B1BE-FE7B523B40F1}.Release|Any CPU.ActiveCfg = Release|Any CPU
		{F885349F-6FB6-40C7-B1BE-FE7B523B40F1}.Release|Any CPU.Build.0 = Release|Any CPU
	EndGlobalSection
	GlobalSection(SolutionProperties) = preSolution
		HideSolutionNode = FALSE
	EndGlobalSection
	GlobalSection(ExtensibilityGlobals) = postSolution
		SolutionGuid = {1982EA25-FB9A-4D28-9EC2-F2A19974E143}
	EndGlobalSection
EndGlobal
